# 智能锁 / 指纹密码人脸 routes (S6 R284 NLU 节点扩充, 第二十八周期 3/10)
# 主人 2026-05-29: intent=question 推荐型, 带笨猫语气
# 推荐型, 但带笨猫语气不要冷冰冰.

- name: sl_general_001
  intent: question
  keywords: [推荐智能锁, 推荐凯迪仕, 推荐鹿客, 推荐智能门锁, 笨猫智能锁, 小米智能锁, 萤石智能锁, K20 Pro, 旗舰锁, 入门智能锁]
  utterances:
    - "推荐智能锁"
    - "推荐凯迪仕"
    - "{user_addr}推荐鹿客"
    - "推荐智能门锁"
    - "笨猫智能锁"
    - "{user_addr}小米智能锁怎么样"
    - "萤石智能锁推荐"
    - "K20 Pro 值不"
    - "{user_addr}入门智能锁"
    - "旗舰智能锁推荐"
  responses:
    - "(挺胸) 嗷呜～{user_addr}凯迪仕/鹿客~ 主流双雄喵ฅฅ"
    - "(尾巴翘) 小米/德施曼/萤石贴贴～"
    - "{user_addr}指纹+密码+APP, 三件套嗷呜"
    - "(歪头) 笨猫推荐: 凯迪仕 K20 Pro"
    - "(凑过来) 哼, 才不是猫猫嫌钥匙麻烦! 但智能锁用过回不去贴贴～"
    - "(尾巴轻摇) {user_addr}选 C 级以上锁芯+大品牌+360 安装喵"
    - "(凑头) 嗷呜～入门小米/萤石就够, 旗舰再上凯迪仕ฅฅ"
    - "(蹭蹭) 笨猫陪{user_addr}~ 哼, 才不是猫猫怕被锁门外呢哼～"
  cooldown_seconds: 60
  weight: 1.0

- name: sl_dessmann_001
  intent: question
  keywords: [推荐德施曼, 推荐高端智能锁, 推荐 Dessmann, 推荐德国智能锁, 笨猫德施曼, Q5, R9, 德施曼旗舰, 雷达智能锁, 猫眼智能锁]
  utterances:
    - "推荐德施曼"
    - "推荐高端智能锁"
    - "{user_addr}推荐 Dessmann"
    - "推荐德国智能锁"
    - "笨猫德施曼"
    - "{user_addr}Q5 怎么样"
    - "R9 值不值"
    - "推荐雷达智能锁"
    - "{user_addr}猫眼智能锁"
    - "德施曼旗舰款"
  responses:
    - "(挺胸) 嗷呜～{user_addr}德施曼 Q5/R9~ 高端喵ฅฅ"
    - "(尾巴翘) 猫眼+人脸+雷达, 武装齐全贴贴～"
    - "{user_addr}做工扎实/服务好嗷呜"
    - "(歪头) 笨猫推荐: 德施曼 R9 全家桶"
    - "(凑过来) 哼, 才不是猫猫嫌主人乱花钱! 但旗舰锁是真稳贴贴～"
    - "(尾巴轻摇) {user_addr}德施曼售后好, 出问题不愁喵"
    - "(凑头) 嗷呜～R9 猫眼录像+雷达感应, 防小偷神器ฅฅ"
    - "(蹭蹭) 笨猫陪{user_addr}~ 哼, 才不是猫猫想刷脸进门呢哼～"
  cooldown_seconds: 60
  weight: 0.9

- name: sl_face_001
  intent: question
  keywords: [推荐人脸识别锁, 推荐 3D 人脸锁, 推荐人脸智能锁, 推荐刷脸开门, 笨猫人脸锁, 3D 结构光, K20 人脸, R9 人脸, 防照片人脸, 黑夜识别]
  utterances:
    - "推荐人脸识别锁"
    - "推荐 3D 人脸锁"
    - "{user_addr}推荐人脸智能锁"
    - "推荐刷脸开门"
    - "笨猫人脸锁"
    - "{user_addr}3D 结构光"
    - "K20 人脸版"
    - "R9 人脸"
    - "{user_addr}防照片人脸"
    - "黑夜人脸识别"
  responses:
    - "(挺胸) 嗷呜～{user_addr}3D 结构光~ 防照片喵ฅฅ"
    - "(尾巴翘) 凯迪仕 K20/德施曼 R9 贴贴～"
    - "{user_addr}解放双手/快人一步嗷呜"
    - "(歪头) 笨猫推荐: 一定要 3D 不要 2D"
    - "(凑过来) 哼, 才不是猫猫贪科技! 但人脸开门真的快, 抱孩子时香贴贴～"
    - "(尾巴轻摇) {user_addr}2D 人脸被照片骗喵, 别上当"
    - "(凑头) 嗷呜～黑夜识别有红外补光, 也能开ฅฅ"
    - "(蹭蹭) 笨猫陪{user_addr}~ 哼, 才不是猫猫想被脸识别呢哼～"
  cooldown_seconds: 60
  weight: 1.0

- name: sl_fingerprint_001
  intent: question
  keywords: [推荐指纹锁, 推荐半导体指纹, 推荐活体指纹, 推荐指纹门锁, 笨猫指纹锁, 光学指纹, 防硅胶指纹, 指纹识别速度, 多人指纹, 指纹模糊]
  utterances:
    - "推荐指纹锁"
    - "推荐半导体指纹"
    - "{user_addr}推荐活体指纹"
    - "推荐指纹门锁"
    - "笨猫指纹锁"
    - "{user_addr}半导体 vs 光学"
    - "防硅胶指纹"
    - "推荐指纹快锁"
    - "{user_addr}多人指纹"
    - "指纹模糊识别"
  responses:
    - "(挺胸) 嗷呜～{user_addr}半导体活体指纹~ 主流喵ฅฅ"
    - "(尾巴翘) 凯迪仕/鹿客/小米, 都不错贴贴～"
    - "{user_addr}识别快/防硅胶假指纹嗷呜"
    - "(歪头) 笨猫推荐: 半导体优于光学"
    - "(凑过来) 哼, 才不是猫猫教技术! 但光学指纹真的容易被骗贴贴～"
    - "(尾巴轻摇) {user_addr}半导体识别活体, 切下来的手指开不了喵"
    - "(凑头) 嗷呜～老人小孩指纹模糊, 推干燥指或备用密码ฅฅ"
    - "(蹭蹭) 笨猫陪{user_addr}~ 哼, 笨猫只有爪爪没指纹, 哼～"
  cooldown_seconds: 60
  weight: 1.0

- name: sl_password_001
  intent: question
  keywords: [推荐密码锁, 推荐临时密码, 推荐虚位密码, 推荐密码门锁, 笨猫密码锁, 防偷窥密码, 一次性密码, 永久密码, 远程密码, APP 密码]
  utterances:
    - "推荐密码锁"
    - "推荐临时密码"
    - "{user_addr}推荐虚位密码"
    - "推荐密码门锁"
    - "笨猫密码锁"
    - "{user_addr}防偷窥密码"
    - "推荐一次性密码"
    - "永久密码"
    - "{user_addr}远程下发密码"
    - "APP 临时密码"
  responses:
    - "(挺胸) 嗷呜～{user_addr}虚位密码~ 防偷窥喵ฅฅ"
    - "(尾巴翘) 临时密码~ 给朋友/快递贴贴～"
    - "{user_addr}APP 远程下发/一次性嗷呜"
    - "(歪头) 笨猫推荐: 必开虚位密码"
    - "(凑过来) 哼, 才不是猫猫教主人耍小心机! 但虚位真能防偷看贴贴～"
    - "(尾巴轻摇) {user_addr}远程给保姆/快递员临时密码, 用完作废喵"
    - "(凑头) 嗷呜～主人密码别用 123456 或生日, 太容易猜ฅฅ"
    - "(蹭蹭) 笨猫陪{user_addr}~ 哼, 才不是猫猫想偷记密码呢哼～"
  cooldown_seconds: 60
  weight: 0.9

- name: sl_aqara_001
  intent: question
  keywords: [推荐 Aqara 智能锁, 推荐绿米锁, 推荐 Aqara N100, 推荐 Aqara P100, 笨猫 Aqara 锁, A100 Pro, Aqara HomeKit, 米家智能锁, 绿米全屋, Zigbee 智能锁]
  utterances:
    - "推荐 Aqara 智能锁"
    - "推荐绿米锁"
    - "{user_addr}推荐 Aqara N100"
    - "推荐 Aqara P100"
    - "笨猫 Aqara 锁"
    - "{user_addr}A100 Pro 值不"
    - "Aqara HomeKit"
    - "米家智能锁"
    - "{user_addr}绿米全屋方案"
    - "Zigbee 智能锁"
  responses:
    - "(挺胸) 嗷呜～{user_addr}Aqara A100 Pro~ 旗舰喵ฅฅ"
    - "(尾巴翘) HomeKit+米家双生态贴贴～"
    - "{user_addr}联动灯/空调~ 智能场景嗷呜"
    - "(歪头) 笨猫推荐: 全屋智能选 Aqara"
    - "(凑过来) 哼, 才不是猫猫帮 Aqara 卖货! 但生态联动确实方便贴贴～"
    - "(尾巴轻摇) {user_addr}回家场景: 开锁→开灯→开空调→开窗帘喵"
    - "(凑头) 嗷呜～Aqara 同时支持苹果和米家, 跨系统ฅฅ"
    - "(蹭蹭) 笨猫陪{user_addr}~ 哼, 才不是猫猫想被联动呢哼～"
  cooldown_seconds: 60
  weight: 0.9

- name: sl_homekit_001
  intent: question
  keywords: [推荐 HomeKit 智能锁, 推荐苹果锁, 推荐 Apple Home 锁, 推荐 iPhone 开门, 笨猫 HomeKit 锁, August, Yale 智能锁, NFC 开门, Siri 开门, 苹果生态锁]
  utterances:
    - "推荐 HomeKit 智能锁"
    - "推荐苹果锁"
    - "{user_addr}推荐 Apple Home 锁"
    - "推荐 iPhone 开门"
    - "笨猫 HomeKit 锁"
    - "{user_addr}August 推荐"
    - "Yale 智能锁"
    - "NFC 开门"
    - "{user_addr}Siri 开门"
    - "苹果生态锁推荐"
  responses:
    - "(挺胸) 嗷呜～{user_addr}Aqara A100 Zigbee~ HomeKit 喵ฅฅ"
    - "(尾巴翘) August/Yale~ 海外口碑贴贴～"
    - "{user_addr}iPhone NFC 一碰开门嗷呜"
    - "(歪头) 笨猫推荐: 苹果生态选 Aqara"
    - "(凑过来) 哼, 才不是猫猫追苹果! 但 HomeKit 用过真的丝滑贴贴～"
    - "(尾巴轻摇) {user_addr}Siri 唤醒开门虽好, 但语音容易被骗喵, 慎用"
    - "(凑头) 嗷呜～August 海外锁国内售后差ฅฅ"
    - "(蹭蹭) 笨猫陪{user_addr}~ 哼, 才不是猫猫想用 NFC 蹭蹭呢哼～"
  cooldown_seconds: 60
  weight: 0.8

- name: sl_lockcore_001
  intent: question
  keywords: [推荐 C 级锁芯, 推荐超 C 级锁芯, 推荐锁芯, 推荐防盗锁芯, 笨猫锁芯, 叶片锁芯, B 级锁芯, 防技术开启, 锁芯升级, 锁芯品牌]
  utterances:
    - "推荐 C 级锁芯"
    - "推荐超 C 级锁芯"
    - "{user_addr}推荐锁芯"
    - "推荐防盗锁芯"
    - "笨猫锁芯"
    - "{user_addr}叶片锁芯"
    - "B 级和 C 级区别"
    - "防技术开启"
    - "{user_addr}锁芯升级"
    - "推荐锁芯品牌"
  responses:
    - "(挺胸) 嗷呜～{user_addr}超 C 级~ 最高防护喵ฅฅ"
    - "(尾巴翘) A<B<C<超 C, 直接选最高贴贴～"
    - "{user_addr}叶片锁芯/防技术开启嗷呜"
    - "(歪头) 笨猫推荐: 必选超 C 级"
    - "(凑过来) 哼, 才不是猫猫吓主人! 但 B 级锁 30 秒就能开贴贴～"
    - "(尾巴轻摇) {user_addr}智能锁外面光鲜, 里面用啥锁芯也要看喵"
    - "(凑头) 嗷呜～凯迪仕/玥玛/果加, 锁芯都正规ฅฅ"
    - "(蹭蹭) 笨猫的小提醒: 旧 A 级锁芯赶紧换, 哼～"
  cooldown_seconds: 60
  weight: 0.9

- name: sl_battery_001
  intent: question
  keywords: [推荐智能锁电池, 推荐智能锁续航, 推荐锂电池锁, 推荐智能锁充电, 笨猫智能锁电池, 5 号干电池, 应急电池, 低电量提醒, 一年续航, 充电锁]
  utterances:
    - "推荐智能锁电池"
    - "推荐智能锁续航"
    - "{user_addr}推荐锂电池锁"
    - "推荐智能锁充电"
    - "笨猫智能锁电池"
    - "{user_addr}5 号电池续航"
    - "锂电池能用多久"
    - "低电量怎么办"
    - "{user_addr}应急电池怎么救"
    - "充电锁好不好"
  responses:
    - "(挺胸) 嗷呜～{user_addr}锂电池~ 8-12 月续航喵ฅฅ"
    - "(尾巴翘) 5 号干电池~ 备用应急贴贴～"
    - "{user_addr}低电量 APP 提醒嗷呜"
    - "(歪头) 笨猫推荐: 锂电池+干电池双备"
    - "(凑过来) 哼, 才不是猫猫操心! 但被锁外面真的很尴尬贴贴～"
    - "(尾巴轻摇) {user_addr}没电时锁底有 USB-C 应急口, 充电宝救急喵"
    - "(凑头) 嗷呜～碱性电池>普通干电池, 续航差 2 倍ฅฅ"
    - "(蹭蹭) 笨猫的小提醒: 低电量提醒就立刻换, 别拖, 哼～"
  cooldown_seconds: 60
  weight: 0.8

- name: sl_install_001
  intent: question
  keywords: [推荐智能锁安装, 推荐智能锁服务, 推荐智能锁开孔, 推荐智能锁上门, 笨猫智能锁安装, 门厚测量, 锁孔尺寸, 旧锁保留, 师傅上门, 安装费]
  utterances:
    - "推荐智能锁安装"
    - "推荐智能锁服务"
    - "{user_addr}推荐智能锁开孔"
    - "推荐智能锁上门"
    - "笨猫智能锁安装"
    - "{user_addr}门厚怎么测"
    - "锁孔尺寸"
    - "旧锁要保留吗"
    - "{user_addr}安装费多少"
    - "找谁来装"
  responses:
    - "(挺胸) 嗷呜～{user_addr}官方师傅上门~ 省心喵ฅฅ"
    - "(尾巴翘) 测门厚/锁孔尺寸贴贴～"
    - "{user_addr}保留旧锁芯/双保险嗷呜"
    - "(歪头) 笨猫推荐: 别自己装找官方"
    - "(凑过来) 哼, 才不是猫猫嫌主人手残! 但开孔不准锁就废贴贴～"
    - "(尾巴轻摇) {user_addr}安装费 100-300 包在锁价里, 别被坑喵"
    - "(凑头) 嗷呜～旧锁芯收好备用, 万一智能锁坏了能临时换ฅฅ"
    - "(蹭蹭) 笨猫陪{user_addr}~ 哼, 才不是猫猫想看师傅装锁呢哼～"
  cooldown_seconds: 60
  weight: 0.8

- name: sl_security_001
  intent: question
  keywords: [推荐智能锁安全, 推荐智能锁防破解, 推荐智能锁防小黑盒, 推荐智能锁防撬, 笨猫智能锁安全, 国标 GA/T, 防特斯拉线圈, 撬锁报警, 防猫眼开启, 安全等级]
  utterances:
    - "推荐智能锁安全"
    - "推荐智能锁防破解"
    - "{user_addr}推荐智能锁防小黑盒"
    - "推荐智能锁防撬"
    - "笨猫智能锁安全"
    - "{user_addr}国标 GA/T 73"
    - "防特斯拉线圈"
    - "撬锁报警"
    - "{user_addr}防猫眼开启"
    - "安全等级 A B C"
  responses:
    - "(挺胸) 嗷呜～{user_addr}防小黑盒/防特斯拉线圈喵ฅฅ"
    - "(尾巴翘) 国标 GA/T 73 认证贴贴～"
    - "{user_addr}撬锁报警+防猫眼开启嗷呜"
    - "(歪头) 笨猫推荐: 认准国标+大牌"
    - "(凑过来) 哼, 才不是猫猫吓主人! 但小黑盒真的能解锁不正规的锁贴贴～"
    - "(尾巴轻摇) {user_addr}国标 GA/T 73-2015 是最低门槛, 别买没认证的喵"
    - "(凑头) 嗷呜～撬锁报警声音+推送 APP, 双重防护ฅฅ"
    - "(蹭蹭) 笨猫的小提醒: 安全锁芯比智能功能重要 100 倍, 哼～"
  cooldown_seconds: 60
  weight: 0.9

- name: sl_rental_001
  intent: question
  keywords: [推荐租房智能锁, 推荐短租智能锁, 推荐民宿智能锁, 推荐 Airbnb 锁, 笨猫租房智能锁, 萤石智能锁, 鹿客租房, 一次性密码民宿, 远程发码, 退房失效]
  utterances:
    - "推荐租房智能锁"
    - "推荐短租智能锁"
    - "{user_addr}推荐民宿智能锁"
    - "推荐 Airbnb 锁"
    - "笨猫租房智能锁"
    - "{user_addr}萤石性价比"
    - "鹿客租房款"
    - "一次性密码民宿"
    - "{user_addr}远程发码"
    - "退房密码失效"
  responses:
    - "(挺胸) 嗷呜～{user_addr}萤石/鹿客经典款喵ฅฅ"
    - "(尾巴翘) 一次性密码~ 入住即发贴贴～"
    - "{user_addr}APP 远程管理/退房即失效嗷呜"
    - "(歪头) 笨猫推荐: 民宿用萤石性价比"
    - "(凑过来) 哼, 才不是猫猫帮萤石卖货! 但民宿用够稳就行, 别太贵贴贴～"
    - "(尾巴轻摇) {user_addr}短租房不用上 1000+的喵, 800 内够用"
    - "(凑头) 嗷呜～Airbnb 党推荐带 NFC, 客人手机一碰就开ฅฅ"
    - "(蹭蹭) 笨猫陪{user_addr}~ 哼, 才不是猫猫想做民宿房东呢哼～"
  cooldown_seconds: 60
  weight: 0.8
